{
  "name": "node-orm-migration-guards",
  "version": "0.1.0",
  "lockfileVersion": 3,
  "requires": true,
  "packages": {
    "": {
      "name": "node-orm-migration-guards",
      "version": "0.1.0",
      "license": "MIT",
      "workspaces": [
        "packages/*"
      ],
      "engines": {
        "node": ">=18"
      }
    },
    "node_modules/drizzle-migration-guard": {
      "resolved": "packages/drizzle-migration-guard",
      "link": true
    },
    "node_modules/knex-migration-guard": {
      "resolved": "packages/knex-migration-guard",
      "link": true
    },
    "node_modules/migration-guard-core": {
      "resolved": "packages/migration-guard-core",
      "link": true
    },
    "node_modules/mikro-orm-migration-guard": {
      "resolved": "packages/mikro-orm-migration-guard",
      "link": true
    },
    "node_modules/prisma-migration-guard": {
      "resolved": "packages/prisma-migration-guard",
      "link": true
    },
    "node_modules/sequelize-migration-guard": {
      "resolved": "packages/sequelize-migration-guard",
      "link": true
    },
    "node_modules/typeorm-migration-guard": {
      "resolved": "packages/typeorm-migration-guard",
      "link": true
    },
    "packages/drizzle-migration-guard": {
      "version": "0.1.0",
      "license": "MIT",
      "dependencies": {
        "migration-guard-core": "0.1.0"
      },
      "engines": {
        "node": ">=18"
      },
      "peerDependencies": {
        "drizzle-orm": ">=0.30"
      },
      "peerDependenciesMeta": {
        "drizzle-orm": {
          "optional": true
        }
      }
    },
    "packages/knex-migration-guard": {
      "version": "0.1.0",
      "license": "MIT",
      "dependencies": {
        "migration-guard-core": "0.1.0"
      },
      "engines": {
        "node": ">=18"
      },
      "peerDependencies": {
        "knex": ">=1"
      },
      "peerDependenciesMeta": {
        "knex": {
          "optional": true
        }
      }
    },
    "packages/migration-guard-core": {
      "version": "0.1.0",
      "license": "MIT",
      "engines": {
        "node": ">=18"
      }
    },
    "packages/mikro-orm-migration-guard": {
      "version": "0.1.0",
      "license": "MIT",
      "dependencies": {
        "migration-guard-core": "0.1.0"
      },
      "engines": {
        "node": ">=18"
      },
      "peerDependencies": {
        "@mikro-orm/core": ">=5",
        "@mikro-orm/migrations": ">=5"
      },
      "peerDependenciesMeta": {
        "@mikro-orm/core": {
          "optional": true
        },
        "@mikro-orm/migrations": {
          "optional": true
        }
      }
    },
    "packages/prisma-migration-guard": {
      "version": "0.1.0",
      "license": "MIT",
      "dependencies": {
        "migration-guard-core": "0.1.0"
      },
      "engines": {
        "node": ">=18"
      },
      "peerDependencies": {
        "prisma": ">=4"
      },
      "peerDependenciesMeta": {
        "prisma": {
          "optional": true
        }
      }
    },
    "packages/sequelize-migration-guard": {
      "version": "0.1.0",
      "license": "MIT",
      "dependencies": {
        "migration-guard-core": "0.1.0"
      },
      "engines": {
        "node": ">=18"
      },
      "peerDependencies": {
        "sequelize": ">=5"
      },
      "peerDependenciesMeta": {
        "sequelize": {
          "optional": true
        }
      }
    },
    "packages/typeorm-migration-guard": {
      "version": "0.1.0",
      "license": "MIT",
      "dependencies": {
        "migration-guard-core": "0.1.0"
      },
      "engines": {
        "node": ">=18"
      },
      "peerDependencies": {
        "typeorm": ">=0.2"
      },
      "peerDependenciesMeta": {
        "typeorm": {
          "optional": true
        }
      }
    }
  }
}
