{
  "name": "node-orm-migration-guards",
  "version": "0.2.0",
  "lockfileVersion": 3,
  "requires": true,
  "packages": {
    "": {
      "name": "node-orm-migration-guards",
      "version": "0.2.0",
      "license": "MIT",
      "workspaces": [
        "packages/*"
      ],
      "engines": {
        "node": ">=18"
      }
    },
    "node_modules/drizzle-migration-guard": {
      "resolved": "packages/drizzle-migration-guard",
      "link": true
    },
    "node_modules/knex-migration-guard": {
      "resolved": "packages/knex-migration-guard",
      "link": true
    },
    "node_modules/migration-guard-core": {
      "resolved": "packages/migration-guard-core",
      "link": true
    },
    "node_modules/mikro-orm-migration-guard": {
      "resolved": "packages/mikro-orm-migration-guard",
      "link": true
    },
    "node_modules/node-orm-migration-guard": {
      "resolved": "packages/node-orm-migration-guard",
      "link": true
    },
    "node_modules/prisma-migration-guard": {
      "resolved": "packages/prisma-migration-guard",
      "link": true
    },
    "node_modules/sequelize-migration-guard": {
      "resolved": "packages/sequelize-migration-guard",
      "link": true
    },
    "node_modules/typeorm-migration-guard": {
      "resolved": "packages/typeorm-migration-guard",
      "link": true
    },
    "packages/drizzle-migration-guard": {
      "version": "0.2.0",
      "license": "MIT",
      "dependencies": {
        "migration-guard-core": "0.2.0"
      },
      "engines": {
        "node": ">=18"
      }
    },
    "packages/knex-migration-guard": {
      "version": "0.2.0",
      "license": "MIT",
      "dependencies": {
        "migration-guard-core": "0.2.0"
      },
      "engines": {
        "node": ">=18"
      }
    },
    "packages/migration-guard-core": {
      "version": "0.2.0",
      "license": "MIT",
      "engines": {
        "node": ">=18"
      }
    },
    "packages/mikro-orm-migration-guard": {
      "version": "0.2.0",
      "license": "MIT",
      "dependencies": {
        "migration-guard-core": "0.2.0"
      },
      "engines": {
        "node": ">=18"
      }
    },
    "packages/node-orm-migration-guard": {
      "version": "0.2.0",
      "license": "MIT",
      "dependencies": {
        "drizzle-migration-guard": "0.2.0",
        "knex-migration-guard": "0.2.0",
        "migration-guard-core": "0.2.0",
        "mikro-orm-migration-guard": "0.2.0",
        "prisma-migration-guard": "0.2.0",
        "sequelize-migration-guard": "0.2.0",
        "typeorm-migration-guard": "0.2.0"
      },
      "engines": {
        "node": ">=18"
      }
    },
    "packages/prisma-migration-guard": {
      "version": "0.2.0",
      "license": "MIT",
      "dependencies": {
        "migration-guard-core": "0.2.0"
      },
      "engines": {
        "node": ">=18"
      }
    },
    "packages/sequelize-migration-guard": {
      "version": "0.2.0",
      "license": "MIT",
      "dependencies": {
        "migration-guard-core": "0.2.0"
      },
      "engines": {
        "node": ">=18"
      }
    },
    "packages/typeorm-migration-guard": {
      "version": "0.2.0",
      "license": "MIT",
      "dependencies": {
        "migration-guard-core": "0.2.0"
      },
      "engines": {
        "node": ">=18"
      }
    }
  }
}
